// !$*UTF8*$!
{
	archiveVersion = 1;
	classes = {
	};
	objectVersion = 55;
	objects = {

/* Begin PBXBuildFile section */
		555FAB29273FE895001CD08D /* FirstQuestion.swift in Sources */ = {isa = PBXBuildFile; fileRef = 555FAB28273FE895001CD08D /* FirstQuestion.swift */; };
		555FAB2B273FF4A2001CD08D /* SecondQuestion.swift in Sources */ = {isa = PBXBuildFile; fileRef = 555FAB2A273FF4A2001CD08D /* SecondQuestion.swift */; };
		555FAB2D273FF6F1001CD08D /* WelcomeScreen.swift in Sources */ = {isa = PBXBuildFile; fileRef = 555FAB2C273FF6F1001CD08D /* WelcomeScreen.swift */; };
		55BD217E274037B7001A26A7 /* ThirdQuestion.swift in Sources */ = {isa = PBXBuildFile; fileRef = 55BD217D274037B7001A26A7 /* ThirdQuestion.swift */; };
		55CD325F273E717700F01A92 /* AppDelegate.swift in Sources */ = {isa = PBXBuildFile; fileRef = 55CD325E273E717700F01A92 /* AppDelegate.swift */; };
		55CD3261273E717700F01A92 /* SceneDelegate.swift in Sources */ = {isa = PBXBuildFile; fileRef = 55CD3260273E717700F01A92 /* SceneDelegate.swift */; };
		55CD3263273E717700F01A92 /* WelcomeViewController.swift in Sources */ = {isa = PBXBuildFile; fileRef = 55CD3262273E717700F01A92 /* WelcomeViewController.swift */; };
		55CD3266273E717700F01A92 /* Main.storyboard in Resources */ = {isa = PBXBuildFile; fileRef = 55CD3264273E717700F01A92 /* Main.storyboard */; };
		55CD3268273E717700F01A92 /* Assets.xcassets in Resources */ = {isa = PBXBuildFile; fileRef = 55CD3267273E717700F01A92 /* Assets.xcassets */; };
		55CD326B273E717700F01A92 /* LaunchScreen.storyboard in Resources */ = {isa = PBXBuildFile; fileRef = 55CD3269273E717700F01A92 /* LaunchScreen.storyboard */; };
		55DC9E51273EE14600C9B92A /* QuestionsViewController.swift in Sources */ = {isa = PBXBuildFile; fileRef = 55DC9E50273EE14600C9B92A /* QuestionsViewController.swift */; };
/* End PBXBuildFile section */

/* Begin PBXFileReference section */
		555FAB28273FE895001CD08D /* FirstQuestion.swift */ = {isa = PBXFileReference; lastKnownFileType = sourcecode.swift; path = FirstQuestion.swift; sourceTree = "<group>"; };
		555FAB2A273FF4A2001CD08D /* SecondQuestion.swift */ = {isa = PBXFileReference; lastKnownFileType = sourcecode.swift; path = SecondQuestion.swift; sourceTree = "<group>"; };
		555FAB2C273FF6F1001CD08D /* WelcomeScreen.swift */ = {isa = PBXFileReference; lastKnownFileType = sourcecode.swift; path = WelcomeScreen.swift; sourceTree = "<group>"; };
		55BD217D274037B7001A26A7 /* ThirdQuestion.swift */ = {isa = PBXFileReference; lastKnownFileType = sourcecode.swift; path = ThirdQuestion.swift; sourceTree = "<group>"; };
		55CD325B273E717700F01A92 /* TMNT.app */ = {isa = PBXFileReference; explicitFileType = wrapper.application; includeInIndex = 0; path = TMNT.app; sourceTree = BUILT_PRODUCTS_DIR; };
		55CD325E273E717700F01A92 /* AppDelegate.swift */ = {isa = PBXFileReference; lastKnownFileType = sourcecode.swift; path = AppDelegate.swift; sourceTree = "<group>"; };
		55CD3260273E717700F01A92 /* SceneDelegate.swift */ = {isa = PBXFileReference; lastKnownFileType = sourcecode.swift; path = SceneDelegate.swift; sourceTree = "<group>"; };
		55CD3262273E717700F01A92 /* WelcomeViewController.swift */ = {isa = PBXFileReference; lastKnownFileType = sourcecode.swift; path = WelcomeViewController.swift; sourceTree = "<group>"; };
		55CD3265273E717700F01A92 /* Base */ = {isa = PBXFileReference; lastKnownFileType = file.storyboard; name = Base; path = Base.lproj/Main.storyboard; sourceTree = "<group>"; };
		55CD3267273E717700F01A92 /* Assets.xcassets */ = {isa = PBXFileReference; lastKnownFileType = folder.assetcatalog; path = Assets.xcassets; sourceTree = "<group>"; };
		55CD326A273E717700F01A92 /* Base */ = {isa = PBXFileReference; lastKnownFileType = file.storyboard; name = Base; path = Base.lproj/LaunchScreen.storyboard; sourceTree = "<group>"; };
		55CD326C273E717700F01A92 /* Info.plist */ = {isa = PBXFileReference; lastKnownFileType = text.plist.xml; path = Info.plist; sourceTree = "<group>"; };
		55DC9E50273EE14600C9B92A /* QuestionsViewController.swift */ = {isa = PBXFileReference; lastKnownFileType = sourcecode.swift; path = QuestionsViewController.swift; sourceTree = "<group>"; };
/* End PBXFileReference section */

/* Begin PBXFrameworksBuildPhase section */
		55CD3258273E717700F01A92 /* Frameworks */ = {
			isa = PBXFrameworksBuildPhase;
			buildActionMask = 2147483647;
			files = (
			);
			runOnlyForDeploymentPostprocessing = 0;
		};
/* End PBXFrameworksBuildPhase section */

/* Begin PBXGroup section */
		555FAB25273FDFBB001CD08D /* Models */ = {
			isa = PBXGroup;
			children = (
				555FAB2C273FF6F1001CD08D /* WelcomeScreen.swift */,
				555FAB28273FE895001CD08D /* FirstQuestion.swift */,
				555FAB2A273FF4A2001CD08D /* SecondQuestion.swift */,
				55BD217D274037B7001A26A7 /* ThirdQuestion.swift */,
			);
			path = Models;
			sourceTree = "<group>";
		};
		55CD3252273E717700F01A92 = {
			isa = PBXGroup;
			children = (
				55CD325D273E717700F01A92 /* TMNT */,
				55CD325C273E717700F01A92 /* Products */,
			);
			sourceTree = "<group>";
		};
		55CD325C273E717700F01A92 /* Products */ = {
			isa = PBXGroup;
			children = (
				55CD325B273E717700F01A92 /* TMNT.app */,
			);
			name = Products;
			sourceTree = "<group>";
		};
		55CD325D273E717700F01A92 /* TMNT */ = {
			isa = PBXGroup;
			children = (
				55DC9E4F273EE0D900C9B92A /* App */,
				55DC9E4E273EE0BD00C9B92A /* View */,
				555FAB25273FDFBB001CD08D /* Models */,
				55DC9E4D273EE0AC00C9B92A /* View Controllers */,
			);
			path = TMNT;
			sourceTree = "<group>";
		};
		55DC9E4D273EE0AC00C9B92A /* View Controllers */ = {
			isa = PBXGroup;
			children = (
				55CD3262273E717700F01A92 /* WelcomeViewController.swift */,
				55DC9E50273EE14600C9B92A /* QuestionsViewController.swift */,
			);
			path = "View Controllers";
			sourceTree = "<group>";
		};
		55DC9E4E273EE0BD00C9B92A /* View */ = {
			isa = PBXGroup;
			children = (
				55CD3264273E717700F01A92 /* Main.storyboard */,
				55CD3269273E717700F01A92 /* LaunchScreen.storyboard */,
			);
			path = View;
			sourceTree = "<group>";
		};
		55DC9E4F273EE0D900C9B92A /* App */ = {
			isa = PBXGroup;
			children = (
				55CD325E273E717700F01A92 /* AppDelegate.swift */,
				55CD3260273E717700F01A92 /* SceneDelegate.swift */,
				55CD3267273E717700F01A92 /* Assets.xcassets */,
				55CD326C273E717700F01A92 /* Info.plist */,
			);
			path = App;
			sourceTree = "<group>";
		};
/* End PBXGroup section */

/* Begin PBXNativeTarget section */
		55CD325A273E717700F01A92 /* TMNT */ = {
			isa = PBXNativeTarget;
			buildConfigurationList = 55CD326F273E717700F01A92 /* Build configuration list for PBXNativeTarget "TMNT" */;
			buildPhases = (
				55CD3257273E717700F01A92 /* Sources */,
				55CD3258273E717700F01A92 /* Frameworks */,
				55CD3259273E717700F01A92 /* Resources */,
			);
			buildRules = (
			);
			dependencies = (
			);
			name = TMNT;
			productName = TMNT;
			productReference = 55CD325B273E717700F01A92 /* TMNT.app */;
			productType = "com.apple.product-type.application";
		};
/* End PBXNativeTarget section */

/* Begin PBXProject section */
		55CD3253273E717700F01A92 /* Project object */ = {
			isa = PBXProject;
			attributes = {
				BuildIndependentTargetsInParallel = 1;
				LastSwiftUpdateCheck = 1310;
				LastUpgradeCheck = 1310;
				TargetAttributes = {
					55CD325A273E717700F01A92 = {
						CreatedOnToolsVersion = 13.1;
					};
				};
			};
			buildConfigurationList = 55CD3256273E717700F01A92 /* Build configuration list for PBXProject "TMNT" */;
			compatibilityVersion = "Xcode 13.0";
			developmentRegion = en;
			hasScannedForEncodings = 0;
			knownRegions = (
				en,
				Base,
			);
			mainGroup = 55CD3252273E717700F01A92;
			productRefGroup = 55CD325C273E717700F01A92 /* Products */;
			projectDirPath = "";
			projectRoot = "";
			targets = (
				55CD325A273E717700F01A92 /* TMNT */,
			);
		};
/* End PBXProject section */

/* Begin PBXResourcesBuildPhase section */
		55CD3259273E717700F01A92 /* Resources */ = {
			isa = PBXResourcesBuildPhase;
			buildActionMask = 2147483647;
			files = (
				55CD326B273E717700F01A92 /* LaunchScreen.storyboard in Resources */,
				55CD3268273E717700F01A92 /* Assets.xcassets in Resources */,
				55CD3266273E717700F01A92 /* Main.storyboard in Resources */,
			);
			runOnlyForDeploymentPostprocessing = 0;
		};
/* End PBXResourcesBuildPhase section */

/* Begin PBXSourcesBuildPhase section */
		55CD3257273E717700F01A92 /* Sources */ = {
			isa = PBXSourcesBuildPhase;
			buildActionMask = 2147483647;
			files = (
				55CD3263273E717700F01A92 /* WelcomeViewController.swift in Sources */,
				55BD217E274037B7001A26A7 /* ThirdQuestion.swift in Sources */,
				55CD325F273E717700F01A92 /* AppDelegate.swift in Sources */,
				55DC9E51273EE14600C9B92A /* QuestionsViewController.swift in Sources */,
				555FAB29273FE895001CD08D /* FirstQuestion.swift in Sources */,
				555FAB2D273FF6F1001CD08D /* WelcomeScreen.swift in Sources */,
				55CD3261273E717700F01A92 /* SceneDelegate.swift in Sources */,
				555FAB2B273FF4A2001CD08D /* SecondQuestion.swift in Sources */,
			);
			runOnlyForDeploymentPostprocessing = 0;
		};
/* End PBXSourcesBuildPhase section */

/* Begin PBXVariantGroup section */
		55CD3264273E717700F01A92 /* Main.storyboard */ = {
			isa = PBXVariantGroup;
			children = (
				55CD3265273E717700F01A92 /* Base */,
			);
			name = Main.storyboard;
			sourceTree = "<group>";
		};
		55CD3269273E717700F01A92 /* LaunchScreen.storyboard */ = {
			isa = PBXVariantGroup;
			children = (
				55CD326A273E717700F01A92 /* Base */,
			);
			name = LaunchScreen.storyboard;
			sourceTree = "<group>";
		};
/* End PBXVariantGroup section */

/* Begin XCBuildConfiguration section */
		55CD326D273E717700F01A92 /* Debug */ = {
			isa = XCBuildConfiguration;
			buildSettings = {
				ALWAYS_SEARCH_USER_PATHS = NO;
				CLANG_ANALYZER_NONNULL = YES;
				CLANG_ANALYZER_NUMBER_OBJECT_CONVERSION = YES_AGGRESSIVE;
				CLANG_CXX_LANGUAGE_STANDARD = "gnu++17";
				CLANG_CXX_LIBRARY = "libc++";
				CLANG_ENABLE_MODULES = YES;
				CLANG_ENABLE_OBJC_ARC = YES;
				CLANG_ENABLE_OBJC_WEAK = YES;
				CLANG_WARN_BLOCK_CAPTURE_AUTORELEASING = YES;
				CLANG_WARN_BOOL_CONVERSION = YES;
				CLANG_WARN_COMMA = YES;
				CLANG_WARN_CONSTANT_CONVERSION = YES;
				CLANG_WARN_DEPRECATED_OBJC_IMPLEMENTATIONS = YES;
				CLANG_WARN_DIRECT_OBJC_ISA_USAGE = YES_ERROR;
				CLANG_WARN_DOCUMENTATION_COMMENTS = YES;
				CLANG_WARN_EMPTY_BODY = YES;
				CLANG_WARN_ENUM_CONVERSION = YES;
				CLANG_WARN_INFINITE_RECURSION = YES;
				CLANG_WARN_INT_CONVERSION = YES;
				CLANG_WARN_NON_LITERAL_NULL_CONVERSION = YES;
				CLANG_WARN_OBJC_IMPLICIT_RETAIN_SELF = YES;
				CLANG_WARN_OBJC_LITERAL_CONVERSION = YES;
				CLANG_WARN_OBJC_ROOT_CLASS = YES_ERROR;
				CLANG_WARN_QUOTED_INCLUDE_IN_FRAMEWORK_HEADER = YES;
				CLANG_WARN_RANGE_LOOP_ANALYSIS = YES;
				CLANG_WARN_STRICT_PROTOTYPES = YES;
				CLANG_WARN_SUSPICIOUS_MOVE = YES;
				CLANG_WARN_UNGUARDED_AVAILABILITY = YES_AGGRESSIVE;
				CLANG_WARN_UNREACHABLE_CODE = YES;
				CLANG_WARN__DUPLICATE_METHOD_MATCH = YES;
				COPY_PHASE_STRIP = NO;
				DEBUG_INFORMATION_FORMAT = dwarf;
				ENABLE_STRICT_OBJC_MSGSEND = YES;
				ENABLE_TESTABILITY = YES;
				GCC_C_LANGUAGE_STANDARD = gnu11;
				GCC_DYNAMIC_NO_PIC = NO;
				GCC_NO_COMMON_BLOCKS = YES;
				GCC_OPTIMIZATION_LEVEL = 0;
				GCC_PREPROCESSOR_DEFINITIONS = (
					"DEBUG=1",
					"$(inherited)",
				);
				GCC_WARN_64_TO_32_BIT_CONVERSION = YES;
				GCC_WARN_ABOUT_RETURN_TYPE = YES_ERROR;
				GCC_WARN_UNDECLARED_SELECTOR = YES;
				GCC_WARN_UNINITIALIZED_AUTOS = YES_AGGRESSIVE;
				GCC_WARN_UNUSED_FUNCTION = YES;
				GCC_WARN_UNUSED_VARIABLE = YES;
				IPHONEOS_DEPLOYMENT_TARGET = 15.0;
				MTL_ENABLE_DEBUG_INFO = INCLUDE_SOURCE;
				MTL_FAST_MATH = YES;
				ONLY_ACTIVE_ARCH = YES;
				SDKROOT = iphoneos;
				SWIFT_ACTIVE_COMPILATION_CONDITIONS = DEBUG;
				SWIFT_OPTIMIZATION_LEVEL = "-Onone";
			};
			name = Debug;
		};
		55CD326E273E717700F01A92 /* Release */ = {
			isa = XCBuildConfiguration;
			buildSettings = {
				ALWAYS_SEARCH_USER_PATHS = NO;
				CLANG_ANALYZER_NONNULL = YES;
				CLANG_ANALYZER_NUMBER_OBJECT_CONVERSION = YES_AGGRESSIVE;
				CLANG_CXX_LANGUAGE_STANDARD = "gnu++17";
				CLANG_CXX_LIBRARY = "libc++";
				CLANG_ENABLE_MODULES = YES;
				CLANG_ENABLE_OBJC_ARC = YES;
				CLANG_ENABLE_OBJC_WEAK = YES;
				CLANG_WARN_BLOCK_CAPTURE_AUTORELEASING = YES;
				CLANG_WARN_BOOL_CONVERSION = YES;
				CLANG_WARN_COMMA = YES;
				CLANG_WARN_CONSTANT_CONVERSION = YES;
				CLANG_WARN_DEPRECATED_OBJC_IMPLEMENTATIONS = YES;
				CLANG_WARN_DIRECT_OBJC_ISA_USAGE = YES_ERROR;
				CLANG_WARN_DOCUMENTATION_COMMENTS = YES;
				CLANG_WARN_EMPTY_BODY = YES;
				CLANG_WARN_ENUM_CONVERSION = YES;
				CLANG_WARN_INFINITE_RECURSION = YES;
				CLANG_WARN_INT_CONVERSION = YES;
				CLANG_WARN_NON_LITERAL_NULL_CONVERSION = YES;
				CLANG_WARN_OBJC_IMPLICIT_RETAIN_SELF = YES;
				CLANG_WARN_OBJC_LITERAL_CONVERSION = YES;
				CLANG_WARN_OBJC_ROOT_CLASS = YES_ERROR;
				CLANG_WARN_QUOTED_INCLUDE_IN_FRAMEWORK_HEADER = YES;
				CLANG_WARN_RANGE_LOOP_ANALYSIS = YES;
				CLANG_WARN_STRICT_PROTOTYPES = YES;
				CLANG_WARN_SUSPICIOUS_MOVE = YES;
				CLANG_WARN_UNGUARDED_AVAILABILITY = YES_AGGRESSIVE;
				CLANG_WARN_UNREACHABLE_CODE = YES;
				CLANG_WARN__DUPLICATE_METHOD_MATCH = YES;
				COPY_PHASE_STRIP = NO;
				DEBUG_INFORMATION_FORMAT = "dwarf-with-dsym";
				ENABLE_NS_ASSERTIONS = NO;
				ENABLE_STRICT_OBJC_MSGSEND = YES;
				GCC_C_LANGUAGE_STANDARD = gnu11;
				GCC_NO_COMMON_BLOCKS = YES;
				GCC_WARN_64_TO_32_BIT_CONVERSION = YES;
				GCC_WARN_ABOUT_RETURN_TYPE = YES_ERROR;
				GCC_WARN_UNDECLARED_SELECTOR = YES;
				GCC_WARN_UNINITIALIZED_AUTOS = YES_AGGRESSIVE;
				GCC_WARN_UNUSED_FUNCTION = YES;
				GCC_WARN_UNUSED_VARIABLE = YES;
				IPHONEOS_DEPLOYMENT_TARGET = 15.0;
				MTL_ENABLE_DEBUG_INFO = NO;
				MTL_FAST_MATH = YES;
				SDKROOT = iphoneos;
				SWIFT_COMPILATION_MODE = wholemodule;
				SWIFT_OPTIMIZATION_LEVEL = "-O";
				VALIDATE_PRODUCT = YES;
			};
			name = Release;
		};
		55CD3270273E717700F01A92 /* Debug */ = {
			isa = XCBuildConfiguration;
			buildSettings = {
				ASSETCATALOG_COMPILER_APPICON_NAME = AppIcon;
				ASSETCATALOG_COMPILER_GLOBAL_ACCENT_COLOR_NAME = AccentColor;
				CODE_SIGN_STYLE = Automatic;
				CURRENT_PROJECT_VERSION = 1;
				DEVELOPMENT_TEAM = 2ZAR2UCDS8;
				GENERATE_INFOPLIST_FILE = YES;
				INFOPLIST_FILE = TMNT/App/Info.plist;
				INFOPLIST_KEY_UIApplicationSupportsIndirectInputEvents = YES;
				INFOPLIST_KEY_UILaunchStoryboardName = LaunchScreen;
				INFOPLIST_KEY_UIMainStoryboardFile = Main;
				INFOPLIST_KEY_UISupportedInterfaceOrientations = "";
				INFOPLIST_KEY_UISupportedInterfaceOrientations_iPad = "UIInterfaceOrientationPortrait UIInterfaceOrientationPortraitUpsideDown UIInterfaceOrientationLandscapeLeft UIInterfaceOrientationLandscapeRight";
				INFOPLIST_KEY_UISupportedInterfaceOrientations_iPhone = "UIInterfaceOrientationPortrait UIInterfaceOrientationLandscapeLeft UIInterfaceOrientationLandscapeRight";
				LD_RUNPATH_SEARCH_PATHS = (
					"$(inherited)",
					"@executable_path/Frameworks",
				);
				MARKETING_VERSION = 1.0;
				PRODUCT_BUNDLE_IDENTIFIER = ru.komplayer31.TMNT;
				PRODUCT_NAME = "$(TARGET_NAME)";
				SWIFT_EMIT_LOC_STRINGS = YES;
				SWIFT_VERSION = 5.0;
				TARGETED_DEVICE_FAMILY = "1,2";
			};
			name = Debug;
		};
		55CD3271273E717700F01A92 /* Release */ = {
			isa = XCBuildConfiguration;
			buildSettings = {
				ASSETCATALOG_COMPILER_APPICON_NAME = AppIcon;
				ASSETCATALOG_COMPILER_GLOBAL_ACCENT_COLOR_NAME = AccentColor;
				CODE_SIGN_STYLE = Automatic;
				CURRENT_PROJECT_VERSION = 1;
				DEVELOPMENT_TEAM = 2ZAR2UCDS8;
				GENERATE_INFOPLIST_FILE = YES;
				INFOPLIST_FILE = TMNT/App/Info.plist;
				INFOPLIST_KEY_UIApplicationSupportsIndirectInputEvents = YES;
				INFOPLIST_KEY_UILaunchStoryboardName = LaunchScreen;
				INFOPLIST_KEY_UIMainStoryboardFile = Main;
				INFOPLIST_KEY_UISupportedInterfaceOrientations = "";
				INFOPLIST_KEY_UISupportedInterfaceOrientations_iPad = "UIInterfaceOrientationPortrait UIInterfaceOrientationPortraitUpsideDown UIInterfaceOrientationLandscapeLeft UIInterfaceOrientationLandscapeRight";
				INFOPLIST_KEY_UISupportedInterfaceOrientations_iPhone = "UIInterfaceOrientationPortrait UIInterfaceOrientationLandscapeLeft UIInterfaceOrientationLandscapeRight";
				LD_RUNPATH_SEARCH_PATHS = (
					"$(inherited)",
					"@executable_path/Frameworks",
				);
				MARKETING_VERSION = 1.0;
				PRODUCT_BUNDLE_IDENTIFIER = ru.komplayer31.TMNT;
				PRODUCT_NAME = "$(TARGET_NAME)";
				SWIFT_EMIT_LOC_STRINGS = YES;
				SWIFT_VERSION = 5.0;
				TARGETED_DEVICE_FAMILY = "1,2";
			};
			name = Release;
		};
/* End XCBuildConfiguration section */

/* Begin XCConfigurationList section */
		55CD3256273E717700F01A92 /* Build configuration list for PBXProject "TMNT" */ = {
			isa = XCConfigurationList;
			buildConfigurations = (
				55CD326D273E717700F01A92 /* Debug */,
				55CD326E273E717700F01A92 /* Release */,
			);
			defaultConfigurationIsVisible = 0;
			defaultConfigurationName = Release;
		};
		55CD326F273E717700F01A92 /* Build configuration list for PBXNativeTarget "TMNT" */ = {
			isa = XCConfigurationList;
			buildConfigurations = (
				55CD3270273E717700F01A92 /* Debug */,
				55CD3271273E717700F01A92 /* Release */,
			);
			defaultConfigurationIsVisible = 0;
			defaultConfigurationName = Release;
		};
/* End XCConfigurationList section */
	};
	rootObject = 55CD3253273E717700F01A92 /* Project object */;
}
